
Microsoft Visual Studio Solution File, Format Version 12.00
# Visual Studio 15
VisualStudioVersion = 15.0.27428.2027
MinimumVisualStudioVersion = 10.0.40219.1
Project("{FAE04EC0-301F-11D3-BF4B-00C04F79EFBC}") = "app001", "app001\app001.csproj", "{07031118-1F1E-49B9-BB53-C0D862B49B5F}"
EndProject
Global
	GlobalSection(SolutionConfigurationPlatforms) = preSolution
		Debug|Any CPU = Debug|Any CPU
		Release|Any CPU = Release|Any CPU
	EndGlobalSection
	GlobalSection(ProjectConfigurationPlatforms) = postSolution
		{07031118-1F1E-49B9-BB53-C0D862B49B5F}.Debug|Any CPU.ActiveCfg = Debug|Any CPU
		{07031118-1F1E-49B9-BB53-C0D862B49B5F}.Debug|Any CPU.Build.0 = Debug|Any CPU
		{07031118-1F1E-49B9-BB53-C0D862B49B5F}.Release|Any CPU.ActiveCfg = Release|Any CPU
		{07031118-1F1E-49B9-BB53-C0D862B49B5F}.Release|Any CPU.Build.0 = Release|Any CPU
	EndGlobalSection
	GlobalSection(SolutionProperties) = preSolution
		HideSolutionNode = FALSE
	EndGlobalSection
	GlobalSection(ExtensibilityGlobals) = postSolution
		SolutionGuid = {F2ADBA76-9631-412C-9BE4-EF66C8CE3B74}
	EndGlobalSection
EndGlobal
